PODS:
  - connectivity_macos (0.0.1):
    - FlutterMacOS
    - Reachability
  - FlutterMacOS (1.0.0)
  - FMDB (2.7.5):
    - FMDB/standard (= 2.7.5)
  - FMDB/standard (2.7.5)
  - network_info_plus_macos (0.0.1):
    - FlutterMacOS
  - path_provider_macos (0.0.1):
    - FlutterMacOS
  - platform_device_id (0.0.1):
    - FlutterMacOS
  - platform_device_id_macos (0.0.1):
    - FlutterMacOS
  - printing (1.0.0):
    - FlutterMacOS
  - Reachability (3.2)
  - shared_preferences_macos (0.0.1):
    - FlutterMacOS
  - sqflite (0.0.2):
    - FlutterMacOS
    - FMDB (>= 2.7.5)
  - sqlite3 (3.41.2):
    - sqlite3/common (= 3.41.2)
  - sqlite3/common (3.41.2)
  - sqlite3/fts5 (3.41.2):
    - sqlite3/common
  - sqlite3/perf-threadsafe (3.41.2):
    - sqlite3/common
  - sqlite3/rtree (3.41.2):
    - sqlite3/common
  - sqlite3_flutter_libs (0.0.1):
    - FlutterMacOS
    - sqlite3 (~> 3.41.2)
    - sqlite3/fts5
    - sqlite3/perf-threadsafe
    - sqlite3/rtree

DEPENDENCIES:
  - connectivity_macos (from `Flutter/ephemeral/.symlinks/plugins/connectivity_macos/macos`)
  - FlutterMacOS (from `Flutter/ephemeral`)
  - network_info_plus_macos (from `Flutter/ephemeral/.symlinks/plugins/network_info_plus_macos/macos`)
  - path_provider_macos (from `Flutter/ephemeral/.symlinks/plugins/path_provider_macos/macos`)
  - platform_device_id (from `Flutter/ephemeral/.symlinks/plugins/platform_device_id/macos`)
  - platform_device_id_macos (from `Flutter/ephemeral/.symlinks/plugins/platform_device_id_macos/macos`)
  - printing (from `Flutter/ephemeral/.symlinks/plugins/printing/macos`)
  - shared_preferences_macos (from `Flutter/ephemeral/.symlinks/plugins/shared_preferences_macos/macos`)
  - sqflite (from `Flutter/ephemeral/.symlinks/plugins/sqflite/macos`)
  - sqlite3_flutter_libs (from `Flutter/ephemeral/.symlinks/plugins/sqlite3_flutter_libs/macos`)

SPEC REPOS:
  trunk:
    - FMDB
    - Reachability
    - sqlite3

EXTERNAL SOURCES:
  connectivity_macos:
    :path: Flutter/ephemeral/.symlinks/plugins/connectivity_macos/macos
  FlutterMacOS:
    :path: Flutter/ephemeral
  network_info_plus_macos:
    :path: Flutter/ephemeral/.symlinks/plugins/network_info_plus_macos/macos
  path_provider_macos:
    :path: Flutter/ephemeral/.symlinks/plugins/path_provider_macos/macos
  platform_device_id:
    :path: Flutter/ephemeral/.symlinks/plugins/platform_device_id/macos
  platform_device_id_macos:
    :path: Flutter/ephemeral/.symlinks/plugins/platform_device_id_macos/macos
  printing:
    :path: Flutter/ephemeral/.symlinks/plugins/printing/macos
  shared_preferences_macos:
    :path: Flutter/ephemeral/.symlinks/plugins/shared_preferences_macos/macos
  sqflite:
    :path: Flutter/ephemeral/.symlinks/plugins/sqflite/macos
  sqlite3_flutter_libs:
    :path: Flutter/ephemeral/.symlinks/plugins/sqlite3_flutter_libs/macos

SPEC CHECKSUMS:
  connectivity_macos: 5dae6ee11d320fac7c05f0d08bd08fc32b5514d9
  FlutterMacOS: 57701585bf7de1b3fc2bb61f6378d73bbdea8424
  FMDB: 2ce00b547f966261cd18927a3ddb07cb6f3db82a
  network_info_plus_macos: d2b9e6c01c291449b91a584217aa53b113847dbd
  path_provider_macos: 3c0c3b4b0d4a76d2bf989a913c2de869c5641a19
  platform_device_id: 3e414428f45df149bbbfb623e2c0ca27c545b763
  platform_device_id_macos: f763bb55f088be804d61b96eb4710b8ab6598e94
  printing: e4b7e232ff3d5d50a70b20d959aa71035a5c31f9
  Reachability: 33e18b67625424e47b6cde6d202dce689ad7af96
  shared_preferences_macos: a64dc611287ed6cbe28fd1297898db1336975727
  sqflite: a5789cceda41d54d23f31d6de539d65bb14100ea
  sqlite3: fd89671d969f3e73efe503ce203e28b016b58f68
  sqlite3_flutter_libs: 00a50503d69f7ab0fe85a5ff25b33082f4df4ce9

PODFILE CHECKSUM: 6eac6b3292e5142cfc23bdeb71848a40ec51c14c

COCOAPODS: 1.11.3
